// !$*UTF8*$!
{
	archiveVersion = 1;
	classes = {
	};
	objectVersion = 46;
	objects = {

/* Begin PBXBuildFile section */
		5791B2D5C26160ED45146CA2 /* Pods_OutputFaceBookData.framework in Frameworks */ = {isa = PBXBuildFile; fileRef = 43E040808CE55AAAB5B51A2F /* Pods_OutputFaceBookData.framework */; };
		D20749521C206AEC00A6EB2A /* POORegistrationViewController.m in Sources */ = {isa = PBXBuildFile; fileRef = D20749511C206AEC00A6EB2A /* POORegistrationViewController.m */; };
		D21623B11C737281000306EC /* POOVKTableViewCell.m in Sources */ = {isa = PBXBuildFile; fileRef = D21623AF1C737281000306EC /* POOVKTableViewCell.m */; };
		D21623B21C737281000306EC /* POOVKTableViewCell.xib in Resources */ = {isa = PBXBuildFile; fileRef = D21623B01C737281000306EC /* POOVKTableViewCell.xib */; };
		D225FB851BDA398900711C53 /* POOCache.m in Sources */ = {isa = PBXBuildFile; fileRef = D225FB841BDA398900711C53 /* POOCache.m */; };
		D225FB8A1BDA6CE100711C53 /* String+Md5.m in Sources */ = {isa = PBXBuildFile; fileRef = D225FB891BDA6CE100711C53 /* String+Md5.m */; };
		D23896651CA04E4800D06C8A /* POOChat.m in Sources */ = {isa = PBXBuildFile; fileRef = D23896641CA04E4800D06C8A /* POOChat.m */; };
		D24BAD2C1BE7B1BF003C96A9 /* POOFacebookFeed.m in Sources */ = {isa = PBXBuildFile; fileRef = D24BAD2B1BE7B1BF003C96A9 /* POOFacebookFeed.m */; };
		D24BAD301BE7B7E0003C96A9 /* POOFeedTableViewCell.m in Sources */ = {isa = PBXBuildFile; fileRef = D24BAD2E1BE7B7E0003C96A9 /* POOFeedTableViewCell.m */; };
		D24BAD311BE7B7E0003C96A9 /* POOFeedTableViewCell.xib in Resources */ = {isa = PBXBuildFile; fileRef = D24BAD2F1BE7B7E0003C96A9 /* POOFeedTableViewCell.xib */; };
		D24BAD341BE7C0E4003C96A9 /* POOFeedViewController.m in Sources */ = {isa = PBXBuildFile; fileRef = D24BAD331BE7C0E4003C96A9 /* POOFeedViewController.m */; };
		D25412DA1BF20CC7000BD9D3 /* POOCollectionViewLayout.m in Sources */ = {isa = PBXBuildFile; fileRef = D25412D91BF20CC7000BD9D3 /* POOCollectionViewLayout.m */; };
		D2587DBE1C6A22AD006FAB08 /* Assets.xcassets in Resources */ = {isa = PBXBuildFile; fileRef = D2587DBD1C6A22AD006FAB08 /* Assets.xcassets */; };
		D2587DC11C6A2434006FAB08 /* StringLocalizer.m in Sources */ = {isa = PBXBuildFile; fileRef = D2587DC01C6A2434006FAB08 /* StringLocalizer.m */; };
		D25E6AF31C5631E00091D256 /* POOContactInfoViewController.m in Sources */ = {isa = PBXBuildFile; fileRef = D25E6AF21C5631E00091D256 /* POOContactInfoViewController.m */; };
		D26918F21C98244000FD90C6 /* POOMessagesViewController.m in Sources */ = {isa = PBXBuildFile; fileRef = D26918F11C98244000FD90C6 /* POOMessagesViewController.m */; };
		D26918F41C98280200FD90C6 /* POOMessagesViewController.storyboard in Resources */ = {isa = PBXBuildFile; fileRef = D26918F31C98280200FD90C6 /* POOMessagesViewController.storyboard */; };
		D26918F61C98549000FD90C6 /* CoreData.framework in Frameworks */ = {isa = PBXBuildFile; fileRef = D26918F51C98548F00FD90C6 /* CoreData.framework */; };
		D26918FC1C9854D300FD90C6 /* OutputFaceBookData.xcdatamodeld in Sources */ = {isa = PBXBuildFile; fileRef = D26918FA1C9854D300FD90C6 /* OutputFaceBookData.xcdatamodeld */; };
		D26918FF1C997C5800FD90C6 /* POOUserDialog.m in Sources */ = {isa = PBXBuildFile; fileRef = D26918FE1C997C5800FD90C6 /* POOUserDialog.m */; };
		D26919031C9AA21700FD90C6 /* POOVkMessageTableViewCell.m in Sources */ = {isa = PBXBuildFile; fileRef = D26919011C9AA21700FD90C6 /* POOVkMessageTableViewCell.m */; };
		D26919041C9AA21700FD90C6 /* POOVkMessageTableViewCell.xib in Resources */ = {isa = PBXBuildFile; fileRef = D26919021C9AA21700FD90C6 /* POOVkMessageTableViewCell.xib */; };
		D26C192A1C6A3D39007B3CB4 /* Localizable.strings in Resources */ = {isa = PBXBuildFile; fileRef = D26C192C1C6A3D39007B3CB4 /* Localizable.strings */; };
		D26F11251C9F15DA004DE72C /* POORequstManager.m in Sources */ = {isa = PBXBuildFile; fileRef = D26F11241C9F15DA004DE72C /* POORequstManager.m */; };
		D27085051C5A51B9004B1822 /* POOTableViewCell.xib in Resources */ = {isa = PBXBuildFile; fileRef = D292873A1BCBFCDE0089E3BE /* POOTableViewCell.xib */; };
		D292873B1BCBFCDE0089E3BE /* POOTableViewCell.m in Sources */ = {isa = PBXBuildFile; fileRef = D29287391BCBFCDE0089E3BE /* POOTableViewCell.m */; };
		D293A2131C47D0A300EDDF59 /* POOLogInVKViewController.m in Sources */ = {isa = PBXBuildFile; fileRef = D293A2121C47D0A300EDDF59 /* POOLogInVKViewController.m */; };
		D293A21A1C47D23C00EDDF59 /* POOVKUserModel.m in Sources */ = {isa = PBXBuildFile; fileRef = D293A2191C47D23C00EDDF59 /* POOVKUserModel.m */; };
		D2A8CBA51BC7A62C006BF1F6 /* main.m in Sources */ = {isa = PBXBuildFile; fileRef = D2A8CBA41BC7A62C006BF1F6 /* main.m */; };
		D2A8CBA81BC7A62C006BF1F6 /* AppDelegate.m in Sources */ = {isa = PBXBuildFile; fileRef = D2A8CBA71BC7A62C006BF1F6 /* AppDelegate.m */; };
		D2A8CBAE1BC7A62C006BF1F6 /* Main.storyboard in Resources */ = {isa = PBXBuildFile; fileRef = D2A8CBAC1BC7A62C006BF1F6 /* Main.storyboard */; };
		D2A8CBB31BC7A62C006BF1F6 /* LaunchScreen.storyboard in Resources */ = {isa = PBXBuildFile; fileRef = D2A8CBB11BC7A62C006BF1F6 /* LaunchScreen.storyboard */; };
		D2A8CBBC1BC7A684006BF1F6 /* POOFacebookData.m in Sources */ = {isa = PBXBuildFile; fileRef = D2A8CBBB1BC7A684006BF1F6 /* POOFacebookData.m */; };
		D2A8CBC01BC7A94B006BF1F6 /* CoreGraphics.framework in Frameworks */ = {isa = PBXBuildFile; fileRef = D2A8CBBF1BC7A94B006BF1F6 /* CoreGraphics.framework */; };
		D2A8CBC31BC7A979006BF1F6 /* Foundation.framework in Frameworks */ = {isa = PBXBuildFile; fileRef = D2A8CBBD1BC7A93F006BF1F6 /* Foundation.framework */; };
		D2A8CBCB1BC7A9B1006BF1F6 /* Bolts.framework in Frameworks */ = {isa = PBXBuildFile; fileRef = D2A8CBC41BC7A9B1006BF1F6 /* Bolts.framework */; };
		D2A8CBCE1BC7A9B1006BF1F6 /* FBSDKCoreKit.framework in Frameworks */ = {isa = PBXBuildFile; fileRef = D2A8CBC71BC7A9B1006BF1F6 /* FBSDKCoreKit.framework */; };
		D2A8CBCF1BC7A9B1006BF1F6 /* FBSDKLoginKit.framework in Frameworks */ = {isa = PBXBuildFile; fileRef = D2A8CBC81BC7A9B1006BF1F6 /* FBSDKLoginKit.framework */; };
		D2A8CBD51BC7B874006BF1F6 /* POOTESTFriend.m in Sources */ = {isa = PBXBuildFile; fileRef = D2A8CBD41BC7B874006BF1F6 /* POOTESTFriend.m */; };
		D2A8CBDF1BC7CD9A006BF1F6 /* POFriendsListViewController.m in Sources */ = {isa = PBXBuildFile; fileRef = D2A8CBDD1BC7CD9A006BF1F6 /* POFriendsListViewController.m */; };
		D2C43ABD1BE3AE7000E0C170 /* POOWebController.m in Sources */ = {isa = PBXBuildFile; fileRef = D2C43ABC1BE3AE7000E0C170 /* POOWebController.m */; };
		D2F8AC381C4E6A3A00FB1DB0 /* POOPhoneBookContact.m in Sources */ = {isa = PBXBuildFile; fileRef = D2F8AC371C4E6A3A00FB1DB0 /* POOPhoneBookContact.m */; };
		D2F8AC3A1C4E746E00FB1DB0 /* Contacts.framework in Frameworks */ = {isa = PBXBuildFile; fileRef = D2F8AC391C4E746E00FB1DB0 /* Contacts.framework */; };
		D2FBF0071C1F0BAC005CEACA /* SafariServices.framework in Frameworks */ = {isa = PBXBuildFile; fileRef = D2FBF0061C1F0BAC005CEACA /* SafariServices.framework */; };
		D2FE07CB1BD4E6B7004E0C95 /* POOCollectionViewCell.m in Sources */ = {isa = PBXBuildFile; fileRef = D2FE07C91BD4E6B7004E0C95 /* POOCollectionViewCell.m */; };
		D2FE07CC1BD4E6B7004E0C95 /* POOCollectionViewCell.xib in Resources */ = {isa = PBXBuildFile; fileRef = D2FE07CA1BD4E6B7004E0C95 /* POOCollectionViewCell.xib */; };
		D2FE07D51BD52BA2004E0C95 /* POOFriendPhotoViewController.m in Sources */ = {isa = PBXBuildFile; fileRef = D2FE07D41BD52BA2004E0C95 /* POOFriendPhotoViewController.m */; };
/* End PBXBuildFile section */

/* Begin PBXFileReference section */
		00DD6C2D9FF0CDE3ACDEE050 /* Pods-OutputFaceBookData.debug.xcconfig */ = {isa = PBXFileReference; includeInIndex = 1; lastKnownFileType = text.xcconfig; name = "Pods-OutputFaceBookData.debug.xcconfig"; path = "Pods/Target Support Files/Pods-OutputFaceBookData/Pods-OutputFaceBookData.debug.xcconfig"; sourceTree = "<group>"; };
		0954B568C54480590B5A8386 /* Pods-OutputFaceBookData.release.xcconfig */ = {isa = PBXFileReference; includeInIndex = 1; lastKnownFileType = text.xcconfig; name = "Pods-OutputFaceBookData.release.xcconfig"; path = "Pods/Target Support Files/Pods-OutputFaceBookData/Pods-OutputFaceBookData.release.xcconfig"; sourceTree = "<group>"; };
		43E040808CE55AAAB5B51A2F /* Pods_OutputFaceBookData.framework */ = {isa = PBXFileReference; explicitFileType = wrapper.framework; includeInIndex = 0; path = Pods_OutputFaceBookData.framework; sourceTree = BUILT_PRODUCTS_DIR; };
		D20749471C20365E00A6EB2A /* VK_ios_sdk.framework */ = {isa = PBXFileReference; lastKnownFileType = wrapper.framework; name = VK_ios_sdk.framework; path = "Pods/../build/Debug-iphoneos/VK_ios_sdk.framework"; sourceTree = "<group>"; };
		D20749501C206AEC00A6EB2A /* POORegistrationViewController.h */ = {isa = PBXFileReference; fileEncoding = 4; lastKnownFileType = sourcecode.c.h; path = POORegistrationViewController.h; sourceTree = "<group>"; };
		D20749511C206AEC00A6EB2A /* POORegistrationViewController.m */ = {isa = PBXFileReference; fileEncoding = 4; lastKnownFileType = sourcecode.c.objc; path = POORegistrationViewController.m; sourceTree = "<group>"; };
		D21623AE1C737281000306EC /* POOVKTableViewCell.h */ = {isa = PBXFileReference; fileEncoding = 4; lastKnownFileType = sourcecode.c.h; path = POOVKTableViewCell.h; sourceTree = "<group>"; };
		D21623AF1C737281000306EC /* POOVKTableViewCell.m */ = {isa = PBXFileReference; fileEncoding = 4; lastKnownFileType = sourcecode.c.objc; path = POOVKTableViewCell.m; sourceTree = "<group>"; };
		D21623B01C737281000306EC /* POOVKTableViewCell.xib */ = {isa = PBXFileReference; fileEncoding = 4; lastKnownFileType = file.xib; path = POOVKTableViewCell.xib; sourceTree = "<group>"; };
		D225FB831BDA398900711C53 /* POOCache.h */ = {isa = PBXFileReference; fileEncoding = 4; lastKnownFileType = sourcecode.c.h; path = POOCache.h; sourceTree = "<group>"; };
		D225FB841BDA398900711C53 /* POOCache.m */ = {isa = PBXFileReference; fileEncoding = 4; lastKnownFileType = sourcecode.c.objc; path = POOCache.m; sourceTree = "<group>"; };
		D225FB881BDA6CE100711C53 /* String+Md5.h */ = {isa = PBXFileReference; fileEncoding = 4; lastKnownFileType = sourcecode.c.h; path = "String+Md5.h"; sourceTree = "<group>"; };
		D225FB891BDA6CE100711C53 /* String+Md5.m */ = {isa = PBXFileReference; fileEncoding = 4; lastKnownFileType = sourcecode.c.objc; path = "String+Md5.m"; sourceTree = "<group>"; };
		D23896631CA04E4800D06C8A /* POOChat.h */ = {isa = PBXFileReference; fileEncoding = 4; lastKnownFileType = sourcecode.c.h; path = POOChat.h; sourceTree = "<group>"; };
		D23896641CA04E4800D06C8A /* POOChat.m */ = {isa = PBXFileReference; fileEncoding = 4; lastKnownFileType = sourcecode.c.objc; path = POOChat.m; sourceTree = "<group>"; };
		D24BAC2E1BE7A5F2003C96A9 /* Security.framework */ = {isa = PBXFileReference; lastKnownFileType = wrapper.framework; name = Security.framework; path = System/Library/Frameworks/Security.framework; sourceTree = SDKROOT; };
		D24BAC301BE7A641003C96A9 /* SystemConfiguration.framework */ = {isa = PBXFileReference; lastKnownFileType = wrapper.framework; name = SystemConfiguration.framework; path = System/Library/Frameworks/SystemConfiguration.framework; sourceTree = SDKROOT; };
		D24BAD2A1BE7B1BF003C96A9 /* POOFacebookFeed.h */ = {isa = PBXFileReference; fileEncoding = 4; lastKnownFileType = sourcecode.c.h; path = POOFacebookFeed.h; sourceTree = "<group>"; };
		D24BAD2B1BE7B1BF003C96A9 /* POOFacebookFeed.m */ = {isa = PBXFileReference; fileEncoding = 4; lastKnownFileType = sourcecode.c.objc; path = POOFacebookFeed.m; sourceTree = "<group>"; };
		D24BAD2D1BE7B7E0003C96A9 /* POOFeedTableViewCell.h */ = {isa = PBXFileReference; fileEncoding = 4; lastKnownFileType = sourcecode.c.h; path = POOFeedTableViewCell.h; sourceTree = "<group>"; };
		D24BAD2E1BE7B7E0003C96A9 /* POOFeedTableViewCell.m */ = {isa = PBXFileReference; fileEncoding = 4; lastKnownFileType = sourcecode.c.objc; path = POOFeedTableViewCell.m; sourceTree = "<group>"; };
		D24BAD2F1BE7B7E0003C96A9 /* POOFeedTableViewCell.xib */ = {isa = PBXFileReference; fileEncoding = 4; lastKnownFileType = file.xib; path = POOFeedTableViewCell.xib; sourceTree = "<group>"; };
		D24BAD321BE7C0E4003C96A9 /* POOFeedViewController.h */ = {isa = PBXFileReference; fileEncoding = 4; lastKnownFileType = sourcecode.c.h; path = POOFeedViewController.h; sourceTree = "<group>"; };
		D24BAD331BE7C0E4003C96A9 /* POOFeedViewController.m */ = {isa = PBXFileReference; fileEncoding = 4; lastKnownFileType = sourcecode.c.objc; path = POOFeedViewController.m; sourceTree = "<group>"; };
		D25412D81BF20CC7000BD9D3 /* POOCollectionViewLayout.h */ = {isa = PBXFileReference; fileEncoding = 4; lastKnownFileType = sourcecode.c.h; path = POOCollectionViewLayout.h; sourceTree = "<group>"; };
		D25412D91BF20CC7000BD9D3 /* POOCollectionViewLayout.m */ = {isa = PBXFileReference; fileEncoding = 4; lastKnownFileType = sourcecode.c.objc; path = POOCollectionViewLayout.m; sourceTree = "<group>"; };
		D2587DBC1C6A0C7F006FAB08 /* Consts.h */ = {isa = PBXFileReference; lastKnownFileType = sourcecode.c.h; path = Consts.h; sourceTree = "<group>"; };
		D2587DBD1C6A22AD006FAB08 /* Assets.xcassets */ = {isa = PBXFileReference; lastKnownFileType = folder.assetcatalog; name = Assets.xcassets; path = OutputFaceBookData/Assets.xcassets; sourceTree = "<group>"; };
		D2587DBF1C6A2434006FAB08 /* StringLocalizer.h */ = {isa = PBXFileReference; fileEncoding = 4; lastKnownFileType = sourcecode.c.h; path = StringLocalizer.h; sourceTree = "<group>"; };
		D2587DC01C6A2434006FAB08 /* StringLocalizer.m */ = {isa = PBXFileReference; fileEncoding = 4; lastKnownFileType = sourcecode.c.objc; path = StringLocalizer.m; sourceTree = "<group>"; };
		D25E6AF11C5631E00091D256 /* POOContactInfoViewController.h */ = {isa = PBXFileReference; fileEncoding = 4; lastKnownFileType = sourcecode.c.h; path = POOContactInfoViewController.h; sourceTree = "<group>"; };
		D25E6AF21C5631E00091D256 /* POOContactInfoViewController.m */ = {isa = PBXFileReference; fileEncoding = 4; lastKnownFileType = sourcecode.c.objc; path = POOContactInfoViewController.m; sourceTree = "<group>"; };
		D26773761C1F1E8B00CDB8D5 /* libVKSdk.a */ = {isa = PBXFileReference; lastKnownFileType = archive.ar; name = libVKSdk.a; path = "../Downloads/vk-ios-sdk-master/build/Debug-iphoneos/libVKSdk.a"; sourceTree = "<group>"; };
		D26918F01C98244000FD90C6 /* POOMessagesViewController.h */ = {isa = PBXFileReference; fileEncoding = 4; lastKnownFileType = sourcecode.c.h; path = POOMessagesViewController.h; sourceTree = "<group>"; };
		D26918F11C98244000FD90C6 /* POOMessagesViewController.m */ = {isa = PBXFileReference; fileEncoding = 4; lastKnownFileType = sourcecode.c.objc; path = POOMessagesViewController.m; sourceTree = "<group>"; };
		D26918F31C98280200FD90C6 /* POOMessagesViewController.storyboard */ = {isa = PBXFileReference; fileEncoding = 4; lastKnownFileType = file.storyboard; name = POOMessagesViewController.storyboard; path = ../POOMessagesViewController.storyboard; sourceTree = "<group>"; };
		D26918F51C98548F00FD90C6 /* CoreData.framework */ = {isa = PBXFileReference; lastKnownFileType = wrapper.framework; name = CoreData.framework; path = System/Library/Frameworks/CoreData.framework; sourceTree = SDKROOT; };
		D26918FB1C9854D300FD90C6 /* OutputFaceBookData.xcdatamodel */ = {isa = PBXFileReference; lastKnownFileType = wrapper.xcdatamodel; path = OutputFaceBookData.xcdatamodel; sourceTree = "<group>"; };
		D26918FD1C997C5800FD90C6 /* POOUserDialog.h */ = {isa = PBXFileReference; fileEncoding = 4; lastKnownFileType = sourcecode.c.h; path = POOUserDialog.h; sourceTree = "<group>"; };
		D26918FE1C997C5800FD90C6 /* POOUserDialog.m */ = {isa = PBXFileReference; fileEncoding = 4; lastKnownFileType = sourcecode.c.objc; path = POOUserDialog.m; sourceTree = "<group>"; };
		D26919001C9AA21700FD90C6 /* POOVkMessageTableViewCell.h */ = {isa = PBXFileReference; fileEncoding = 4; lastKnownFileType = sourcecode.c.h; path = POOVkMessageTableViewCell.h; sourceTree = "<group>"; };
		D26919011C9AA21700FD90C6 /* POOVkMessageTableViewCell.m */ = {isa = PBXFileReference; fileEncoding = 4; lastKnownFileType = sourcecode.c.objc; path = POOVkMessageTableViewCell.m; sourceTree = "<group>"; };
		D26919021C9AA21700FD90C6 /* POOVkMessageTableViewCell.xib */ = {isa = PBXFileReference; fileEncoding = 4; lastKnownFileType = file.xib; path = POOVkMessageTableViewCell.xib; sourceTree = "<group>"; };
		D26C19281C6A3CF9007B3CB4 /* ru */ = {isa = PBXFileReference; lastKnownFileType = text.plist.strings; name = ru; path = ru.lproj/Main.strings; sourceTree = "<group>"; };
		D26C19291C6A3CF9007B3CB4 /* ru */ = {isa = PBXFileReference; lastKnownFileType = text.plist.strings; name = ru; path = ru.lproj/LaunchScreen.strings; sourceTree = "<group>"; };
		D26C192B1C6A3D39007B3CB4 /* Base */ = {isa = PBXFileReference; lastKnownFileType = text.plist.strings; name = Base; path = Base.lproj/Localizable.strings; sourceTree = "<group>"; };
		D26C192D1C6A3D40007B3CB4 /* ru */ = {isa = PBXFileReference; lastKnownFileType = text.plist.strings; name = ru; path = ru.lproj/Localizable.strings; sourceTree = "<group>"; };
		D26C192E1C6A3D8B007B3CB4 /* en */ = {isa = PBXFileReference; lastKnownFileType = text.plist.strings; name = en; path = en.lproj/Localizable.strings; sourceTree = "<group>"; };
		D26F11231C9F15DA004DE72C /* POORequstManager.h */ = {isa = PBXFileReference; fileEncoding = 4; lastKnownFileType = sourcecode.c.h; path = POORequstManager.h; sourceTree = "<group>"; };
		D26F11241C9F15DA004DE72C /* POORequstManager.m */ = {isa = PBXFileReference; fileEncoding = 4; lastKnownFileType = sourcecode.c.objc; path = POORequstManager.m; sourceTree = "<group>"; };
		D29287381BCBFCDE0089E3BE /* POOTableViewCell.h */ = {isa = PBXFileReference; fileEncoding = 4; lastKnownFileType = sourcecode.c.h; path = POOTableViewCell.h; sourceTree = "<group>"; };
		D29287391BCBFCDE0089E3BE /* POOTableViewCell.m */ = {isa = PBXFileReference; fileEncoding = 4; lastKnownFileType = sourcecode.c.objc; path = POOTableViewCell.m; sourceTree = "<group>"; wrapsLines = 1; };
		D292873A1BCBFCDE0089E3BE /* POOTableViewCell.xib */ = {isa = PBXFileReference; fileEncoding = 4; lastKnownFileType = file.xib; path = POOTableViewCell.xib; sourceTree = "<group>"; };
		D293A2111C47D0A300EDDF59 /* POOLogInVKViewController.h */ = {isa = PBXFileReference; fileEncoding = 4; lastKnownFileType = sourcecode.c.h; path = POOLogInVKViewController.h; sourceTree = "<group>"; };
		D293A2121C47D0A300EDDF59 /* POOLogInVKViewController.m */ = {isa = PBXFileReference; fileEncoding = 4; lastKnownFileType = sourcecode.c.objc; path = POOLogInVKViewController.m; sourceTree = "<group>"; };
		D293A2181C47D23C00EDDF59 /* POOVKUserModel.h */ = {isa = PBXFileReference; fileEncoding = 4; lastKnownFileType = sourcecode.c.h; path = POOVKUserModel.h; sourceTree = "<group>"; };
		D293A2191C47D23C00EDDF59 /* POOVKUserModel.m */ = {isa = PBXFileReference; fileEncoding = 4; lastKnownFileType = sourcecode.c.objc; path = POOVKUserModel.m; sourceTree = "<group>"; };
		D2A8CBA01BC7A62C006BF1F6 /* OutputFaceBookData.app */ = {isa = PBXFileReference; explicitFileType = wrapper.application; includeInIndex = 0; path = OutputFaceBookData.app; sourceTree = BUILT_PRODUCTS_DIR; };
		D2A8CBA41BC7A62C006BF1F6 /* main.m */ = {isa = PBXFileReference; lastKnownFileType = sourcecode.c.objc; path = main.m; sourceTree = "<group>"; };
		D2A8CBA61BC7A62C006BF1F6 /* AppDelegate.h */ = {isa = PBXFileReference; lastKnownFileType = sourcecode.c.h; path = AppDelegate.h; sourceTree = "<group>"; };
		D2A8CBA71BC7A62C006BF1F6 /* AppDelegate.m */ = {isa = PBXFileReference; lastKnownFileType = sourcecode.c.objc; path = AppDelegate.m; sourceTree = "<group>"; };
		D2A8CBAD1BC7A62C006BF1F6 /* Base */ = {isa = PBXFileReference; lastKnownFileType = file.storyboard; name = Base; path = Base.lproj/Main.storyboard; sourceTree = "<group>"; };
		D2A8CBB21BC7A62C006BF1F6 /* Base */ = {isa = PBXFileReference; lastKnownFileType = file.storyboard; name = Base; path = Base.lproj/LaunchScreen.storyboard; sourceTree = "<group>"; };
		D2A8CBB41BC7A62C006BF1F6 /* Info.plist */ = {isa = PBXFileReference; lastKnownFileType = text.plist.xml; path = Info.plist; sourceTree = "<group>"; };
		D2A8CBBA1BC7A684006BF1F6 /* POOFacebookData.h */ = {isa = PBXFileReference; fileEncoding = 4; lastKnownFileType = sourcecode.c.h; path = POOFacebookData.h; sourceTree = "<group>"; };
		D2A8CBBB1BC7A684006BF1F6 /* POOFacebookData.m */ = {isa = PBXFileReference; fileEncoding = 4; lastKnownFileType = sourcecode.c.objc; path = POOFacebookData.m; sourceTree = "<group>"; };
		D2A8CBBD1BC7A93F006BF1F6 /* Foundation.framework */ = {isa = PBXFileReference; lastKnownFileType = wrapper.framework; name = Foundation.framework; path = System/Library/Frameworks/Foundation.framework; sourceTree = SDKROOT; };
		D2A8CBBF1BC7A94B006BF1F6 /* CoreGraphics.framework */ = {isa = PBXFileReference; lastKnownFileType = wrapper.framework; name = CoreGraphics.framework; path = System/Library/Frameworks/CoreGraphics.framework; sourceTree = SDKROOT; };
		D2A8CBC41BC7A9B1006BF1F6 /* Bolts.framework */ = {isa = PBXFileReference; lastKnownFileType = wrapper.framework; name = Bolts.framework; path = ../WorkWithFaceBook/WorkWithFaceBook/Bolts.framework; sourceTree = "<group>"; };
		D2A8CBC61BC7A9B1006BF1F6 /* FBAudienceNetwork.framework */ = {isa = PBXFileReference; lastKnownFileType = wrapper.framework; name = FBAudienceNetwork.framework; path = ../WorkWithFaceBook/WorkWithFaceBook/FBAudienceNetwork.framework; sourceTree = "<group>"; };
		D2A8CBC71BC7A9B1006BF1F6 /* FBSDKCoreKit.framework */ = {isa = PBXFileReference; lastKnownFileType = wrapper.framework; name = FBSDKCoreKit.framework; path = ../WorkWithFaceBook/WorkWithFaceBook/FBSDKCoreKit.framework; sourceTree = "<group>"; };
		D2A8CBC81BC7A9B1006BF1F6 /* FBSDKLoginKit.framework */ = {isa = PBXFileReference; lastKnownFileType = wrapper.framework; name = FBSDKLoginKit.framework; path = ../WorkWithFaceBook/WorkWithFaceBook/FBSDKLoginKit.framework; sourceTree = "<group>"; };
		D2A8CBC91BC7A9B1006BF1F6 /* FBSDKMessengerShareKit.framework */ = {isa = PBXFileReference; lastKnownFileType = wrapper.framework; name = FBSDKMessengerShareKit.framework; path = ../WorkWithFaceBook/WorkWithFaceBook/FBSDKMessengerShareKit.framework; sourceTree = "<group>"; };
		D2A8CBCA1BC7A9B1006BF1F6 /* FBSDKShareKit.framework */ = {isa = PBXFileReference; lastKnownFileType = wrapper.framework; name = FBSDKShareKit.framework; path = ../WorkWithFaceBook/WorkWithFaceBook/FBSDKShareKit.framework; sourceTree = "<group>"; };
		D2A8CBD31BC7B874006BF1F6 /* POOTESTFriend.h */ = {isa = PBXFileReference; fileEncoding = 4; lastKnownFileType = sourcecode.c.h; path = POOTESTFriend.h; sourceTree = "<group>"; };
		D2A8CBD41BC7B874006BF1F6 /* POOTESTFriend.m */ = {isa = PBXFileReference; fileEncoding = 4; lastKnownFileType = sourcecode.c.objc; path = POOTESTFriend.m; sourceTree = "<group>"; };
		D2A8CBDC1BC7CD9A006BF1F6 /* POFriendsListViewController.h */ = {isa = PBXFileReference; fileEncoding = 4; lastKnownFileType = sourcecode.c.h; path = POFriendsListViewController.h; sourceTree = "<group>"; };
		D2A8CBDD1BC7CD9A006BF1F6 /* POFriendsListViewController.m */ = {isa = PBXFileReference; fileEncoding = 4; lastKnownFileType = sourcecode.c.objc; path = POFriendsListViewController.m; sourceTree = "<group>"; };
		D2C43ABB1BE3AE7000E0C170 /* POOWebController.h */ = {isa = PBXFileReference; fileEncoding = 4; lastKnownFileType = sourcecode.c.h; path = POOWebController.h; sourceTree = "<group>"; };
		D2C43ABC1BE3AE7000E0C170 /* POOWebController.m */ = {isa = PBXFileReference; fileEncoding = 4; lastKnownFileType = sourcecode.c.objc; path = POOWebController.m; sourceTree = "<group>"; };
		D2C4FECD1CA32D8C00E7F621 /* SDWebImage.framework */ = {isa = PBXFileReference; lastKnownFileType = wrapper.framework; name = SDWebImage.framework; path = "Pods/../build/Debug-iphoneos/SDWebImage.framework"; sourceTree = "<group>"; };
		D2C4FECF1CA32D9100E7F621 /* VK_ios_sdk.framework */ = {isa = PBXFileReference; lastKnownFileType = wrapper.framework; name = VK_ios_sdk.framework; path = "Pods/../build/Debug-iphoneos/VK_ios_sdk.framework"; sourceTree = "<group>"; };
		D2DEDF881C4AA705006ED545 /* AddressBook.framework */ = {isa = PBXFileReference; lastKnownFileType = wrapper.framework; name = AddressBook.framework; path = System/Library/Frameworks/AddressBook.framework; sourceTree = SDKROOT; };
		D2F8AC361C4E6A3A00FB1DB0 /* POOPhoneBookContact.h */ = {isa = PBXFileReference; fileEncoding = 4; lastKnownFileType = sourcecode.c.h; path = POOPhoneBookContact.h; sourceTree = "<group>"; };
		D2F8AC371C4E6A3A00FB1DB0 /* POOPhoneBookContact.m */ = {isa = PBXFileReference; fileEncoding = 4; lastKnownFileType = sourcecode.c.objc; path = POOPhoneBookContact.m; sourceTree = "<group>"; };
		D2F8AC391C4E746E00FB1DB0 /* Contacts.framework */ = {isa = PBXFileReference; lastKnownFileType = wrapper.framework; name = Contacts.framework; path = System/Library/Frameworks/Contacts.framework; sourceTree = SDKROOT; };
		D2FBF0061C1F0BAC005CEACA /* SafariServices.framework */ = {isa = PBXFileReference; lastKnownFileType = wrapper.framework; name = SafariServices.framework; path = System/Library/Frameworks/SafariServices.framework; sourceTree = SDKROOT; };
		D2FE07C81BD4E6B7004E0C95 /* POOCollectionViewCell.h */ = {isa = PBXFileReference; fileEncoding = 4; lastKnownFileType = sourcecode.c.h; path = POOCollectionViewCell.h; sourceTree = "<group>"; };
		D2FE07C91BD4E6B7004E0C95 /* POOCollectionViewCell.m */ = {isa = PBXFileReference; fileEncoding = 4; lastKnownFileType = sourcecode.c.objc; path = POOCollectionViewCell.m; sourceTree = "<group>"; };
		D2FE07CA1BD4E6B7004E0C95 /* POOCollectionViewCell.xib */ = {isa = PBXFileReference; fileEncoding = 4; lastKnownFileType = file.xib; path = POOCollectionViewCell.xib; sourceTree = "<group>"; };
		D2FE07D31BD52BA2004E0C95 /* POOFriendPhotoViewController.h */ = {isa = PBXFileReference; fileEncoding = 4; lastKnownFileType = sourcecode.c.h; path = POOFriendPhotoViewController.h; sourceTree = "<group>"; };
		D2FE07D41BD52BA2004E0C95 /* POOFriendPhotoViewController.m */ = {isa = PBXFileReference; fileEncoding = 4; lastKnownFileType = sourcecode.c.objc; path = POOFriendPhotoViewController.m; sourceTree = "<group>"; };
/* End PBXFileReference section */

/* Begin PBXFrameworksBuildPhase section */
		D2A8CB9D1BC7A62C006BF1F6 /* Frameworks */ = {
			isa = PBXFrameworksBuildPhase;
			buildActionMask = 2147483647;
			files = (
				D26918F61C98549000FD90C6 /* CoreData.framework in Frameworks */,
				D2F8AC3A1C4E746E00FB1DB0 /* Contacts.framework in Frameworks */,
				D2FBF0071C1F0BAC005CEACA /* SafariServices.framework in Frameworks */,
				D2A8CBCE1BC7A9B1006BF1F6 /* FBSDKCoreKit.framework in Frameworks */,
				D2A8CBCB1BC7A9B1006BF1F6 /* Bolts.framework in Frameworks */,
				D2A8CBCF1BC7A9B1006BF1F6 /* FBSDKLoginKit.framework in Frameworks */,
				D2A8CBC31BC7A979006BF1F6 /* Foundation.framework in Frameworks */,
				D2A8CBC01BC7A94B006BF1F6 /* CoreGraphics.framework in Frameworks */,
				5791B2D5C26160ED45146CA2 /* Pods_OutputFaceBookData.framework in Frameworks */,
			);
			runOnlyForDeploymentPostprocessing = 0;
		};
/* End PBXFrameworksBuildPhase section */

/* Begin PBXGroup section */
		57AB0CB99FB116F2D773AD4D /* Pods */ = {
			isa = PBXGroup;
			children = (
				00DD6C2D9FF0CDE3ACDEE050 /* Pods-OutputFaceBookData.debug.xcconfig */,
				0954B568C54480590B5A8386 /* Pods-OutputFaceBookData.release.xcconfig */,
			);
			name = Pods;
			sourceTree = "<group>";
		};
		D20749531C22E82000A6EB2A /* VK Controllers */ = {
			isa = PBXGroup;
			children = (
				D20749501C206AEC00A6EB2A /* POORegistrationViewController.h */,
				D20749511C206AEC00A6EB2A /* POORegistrationViewController.m */,
				D293A2111C47D0A300EDDF59 /* POOLogInVKViewController.h */,
				D293A2121C47D0A300EDDF59 /* POOLogInVKViewController.m */,
				D25E6AF11C5631E00091D256 /* POOContactInfoViewController.h */,
				D25E6AF21C5631E00091D256 /* POOContactInfoViewController.m */,
				D26918F01C98244000FD90C6 /* POOMessagesViewController.h */,
				D26918F11C98244000FD90C6 /* POOMessagesViewController.m */,
				D26918F31C98280200FD90C6 /* POOMessagesViewController.storyboard */,
			);
			name = "VK Controllers";
			sourceTree = "<group>";
		};
		D225FB821BDA360100711C53 /* Controllers */ = {
			isa = PBXGroup;
			children = (
				D2A8CBBA1BC7A684006BF1F6 /* POOFacebookData.h */,
				D2A8CBBB1BC7A684006BF1F6 /* POOFacebookData.m */,
				D20749531C22E82000A6EB2A /* VK Controllers */,
				D2916A1B1C28097700D6B3E7 /* Facebook controllers */,
			);
			name = Controllers;
			sourceTree = "<group>";
		};
		D225FB871BDA6CB000711C53 /* Utilits */ = {
			isa = PBXGroup;
			children = (
				D225FB881BDA6CE100711C53 /* String+Md5.h */,
				D225FB891BDA6CE100711C53 /* String+Md5.m */,
				D2587DBF1C6A2434006FAB08 /* StringLocalizer.h */,
				D2587DC01C6A2434006FAB08 /* StringLocalizer.m */,
			);
			name = Utilits;
			sourceTree = "<group>";
		};
		D2393DCA1BE8ECF70063F0F6 /* Cells */ = {
			isa = PBXGroup;
			children = (
				D2840F1E1C53F41B002AB1E9 /* VKCell */,
				D2840F1D1C53F405002AB1E9 /* FaceBookCell */,
			);
			name = Cells;
			sourceTree = "<group>";
		};
		D2840F1D1C53F405002AB1E9 /* FaceBookCell */ = {
			isa = PBXGroup;
			children = (
				D29287381BCBFCDE0089E3BE /* POOTableViewCell.h */,
				D29287391BCBFCDE0089E3BE /* POOTableViewCell.m */,
				D292873A1BCBFCDE0089E3BE /* POOTableViewCell.xib */,
				D24BAD2D1BE7B7E0003C96A9 /* POOFeedTableViewCell.h */,
				D24BAD2E1BE7B7E0003C96A9 /* POOFeedTableViewCell.m */,
				D24BAD2F1BE7B7E0003C96A9 /* POOFeedTableViewCell.xib */,
				D2FE07C81BD4E6B7004E0C95 /* POOCollectionViewCell.h */,
				D2FE07C91BD4E6B7004E0C95 /* POOCollectionViewCell.m */,
				D2FE07CA1BD4E6B7004E0C95 /* POOCollectionViewCell.xib */,
			);
			name = FaceBookCell;
			sourceTree = "<group>";
		};
		D2840F1E1C53F41B002AB1E9 /* VKCell */ = {
			isa = PBXGroup;
			children = (
				D21623AE1C737281000306EC /* POOVKTableViewCell.h */,
				D21623AF1C737281000306EC /* POOVKTableViewCell.m */,
				D21623B01C737281000306EC /* POOVKTableViewCell.xib */,
				D26919001C9AA21700FD90C6 /* POOVkMessageTableViewCell.h */,
				D26919011C9AA21700FD90C6 /* POOVkMessageTableViewCell.m */,
				D26919021C9AA21700FD90C6 /* POOVkMessageTableViewCell.xib */,
			);
			name = VKCell;
			sourceTree = "<group>";
		};
		D2916A1B1C28097700D6B3E7 /* Facebook controllers */ = {
			isa = PBXGroup;
			children = (
				D2FE07D31BD52BA2004E0C95 /* POOFriendPhotoViewController.h */,
				D2FE07D41BD52BA2004E0C95 /* POOFriendPhotoViewController.m */,
				D2A8CBDC1BC7CD9A006BF1F6 /* POFriendsListViewController.h */,
				D2A8CBDD1BC7CD9A006BF1F6 /* POFriendsListViewController.m */,
				D2C43ABB1BE3AE7000E0C170 /* POOWebController.h */,
				D2C43ABC1BE3AE7000E0C170 /* POOWebController.m */,
				D24BAD321BE7C0E4003C96A9 /* POOFeedViewController.h */,
				D24BAD331BE7C0E4003C96A9 /* POOFeedViewController.m */,
			);
			name = "Facebook controllers";
			sourceTree = "<group>";
		};
		D293A2141C47D11500EDDF59 /* Models */ = {
			isa = PBXGroup;
			children = (
				D293A2161C47D14700EDDF59 /* VKModels */,
				D293A2151C47D13100EDDF59 /* FaceBookModels */,
			);
			name = Models;
			sourceTree = "<group>";
		};
		D293A2151C47D13100EDDF59 /* FaceBookModels */ = {
			isa = PBXGroup;
			children = (
				D2A8CBD31BC7B874006BF1F6 /* POOTESTFriend.h */,
				D2A8CBD41BC7B874006BF1F6 /* POOTESTFriend.m */,
				D24BAD2A1BE7B1BF003C96A9 /* POOFacebookFeed.h */,
				D24BAD2B1BE7B1BF003C96A9 /* POOFacebookFeed.m */,
			);
			name = FaceBookModels;
			sourceTree = "<group>";
		};
		D293A2161C47D14700EDDF59 /* VKModels */ = {
			isa = PBXGroup;
			children = (
				D293A2181C47D23C00EDDF59 /* POOVKUserModel.h */,
				D293A2191C47D23C00EDDF59 /* POOVKUserModel.m */,
				D2F8AC361C4E6A3A00FB1DB0 /* POOPhoneBookContact.h */,
				D2F8AC371C4E6A3A00FB1DB0 /* POOPhoneBookContact.m */,
				D26918FD1C997C5800FD90C6 /* POOUserDialog.h */,
				D26918FE1C997C5800FD90C6 /* POOUserDialog.m */,
				D23896631CA04E4800D06C8A /* POOChat.h */,
				D23896641CA04E4800D06C8A /* POOChat.m */,
			);
			name = VKModels;
			sourceTree = "<group>";
		};
		D2A8CB971BC7A62C006BF1F6 = {
			isa = PBXGroup;
			children = (
				D26F11231C9F15DA004DE72C /* POORequstManager.h */,
				D26F11241C9F15DA004DE72C /* POORequstManager.m */,
				D26918FA1C9854D300FD90C6 /* OutputFaceBookData.xcdatamodeld */,
				D26C192C1C6A3D39007B3CB4 /* Localizable.strings */,
				D2587DBD1C6A22AD006FAB08 /* Assets.xcassets */,
				D2A8CBD21BC7AA67006BF1F6 /* Frameworks */,
				D2A8CBA21BC7A62C006BF1F6 /* OutputFaceBookData */,
				D2A8CBA11BC7A62C006BF1F6 /* Products */,
				57AB0CB99FB116F2D773AD4D /* Pods */,
			);
			sourceTree = "<group>";
		};
		D2A8CBA11BC7A62C006BF1F6 /* Products */ = {
			isa = PBXGroup;
			children = (
				D2A8CBA01BC7A62C006BF1F6 /* OutputFaceBookData.app */,
			);
			name = Products;
			sourceTree = "<group>";
		};
		D2A8CBA21BC7A62C006BF1F6 /* OutputFaceBookData */ = {
			isa = PBXGroup;
			children = (
				D293A2141C47D11500EDDF59 /* Models */,
				D225FB871BDA6CB000711C53 /* Utilits */,
				D2393DCA1BE8ECF70063F0F6 /* Cells */,
				D225FB821BDA360100711C53 /* Controllers */,
				D2A8CBA61BC7A62C006BF1F6 /* AppDelegate.h */,
				D2A8CBA71BC7A62C006BF1F6 /* AppDelegate.m */,
				D2A8CBAC1BC7A62C006BF1F6 /* Main.storyboard */,
				D2A8CBB11BC7A62C006BF1F6 /* LaunchScreen.storyboard */,
				D2A8CBB41BC7A62C006BF1F6 /* Info.plist */,
				D2A8CBA31BC7A62C006BF1F6 /* Supporting Files */,
				D225FB831BDA398900711C53 /* POOCache.h */,
				D225FB841BDA398900711C53 /* POOCache.m */,
				D25412D81BF20CC7000BD9D3 /* POOCollectionViewLayout.h */,
				D25412D91BF20CC7000BD9D3 /* POOCollectionViewLayout.m */,
				D2587DBC1C6A0C7F006FAB08 /* Consts.h */,
			);
			path = OutputFaceBookData;
			sourceTree = "<group>";
		};
		D2A8CBA31BC7A62C006BF1F6 /* Supporting Files */ = {
			isa = PBXGroup;
			children = (
				D2A8CBA41BC7A62C006BF1F6 /* main.m */,
			);
			name = "Supporting Files";
			sourceTree = "<group>";
		};
		D2A8CBD21BC7AA67006BF1F6 /* Frameworks */ = {
			isa = PBXGroup;
			children = (
				D2C4FECF1CA32D9100E7F621 /* VK_ios_sdk.framework */,
				D2C4FECD1CA32D8C00E7F621 /* SDWebImage.framework */,
				D26918F51C98548F00FD90C6 /* CoreData.framework */,
				D2F8AC391C4E746E00FB1DB0 /* Contacts.framework */,
				D2DEDF881C4AA705006ED545 /* AddressBook.framework */,
				D20749471C20365E00A6EB2A /* VK_ios_sdk.framework */,
				D2FBF0061C1F0BAC005CEACA /* SafariServices.framework */,
				D24BAC301BE7A641003C96A9 /* SystemConfiguration.framework */,
				D24BAC2E1BE7A5F2003C96A9 /* Security.framework */,
				D2A8CBC41BC7A9B1006BF1F6 /* Bolts.framework */,
				D2A8CBC61BC7A9B1006BF1F6 /* FBAudienceNetwork.framework */,
				D2A8CBC71BC7A9B1006BF1F6 /* FBSDKCoreKit.framework */,
				D2A8CBC81BC7A9B1006BF1F6 /* FBSDKLoginKit.framework */,
				D2A8CBC91BC7A9B1006BF1F6 /* FBSDKMessengerShareKit.framework */,
				D2A8CBCA1BC7A9B1006BF1F6 /* FBSDKShareKit.framework */,
				D26773761C1F1E8B00CDB8D5 /* libVKSdk.a */,
				D2A8CBBF1BC7A94B006BF1F6 /* CoreGraphics.framework */,
				D2A8CBBD1BC7A93F006BF1F6 /* Foundation.framework */,
				43E040808CE55AAAB5B51A2F /* Pods_OutputFaceBookData.framework */,
			);
			name = Frameworks;
			sourceTree = "<group>";
		};
/* End PBXGroup section */

/* Begin PBXNativeTarget section */
		D2A8CB9F1BC7A62C006BF1F6 /* OutputFaceBookData */ = {
			isa = PBXNativeTarget;
			buildConfigurationList = D2A8CBB71BC7A62C006BF1F6 /* Build configuration list for PBXNativeTarget "OutputFaceBookData" */;
			buildPhases = (
				609E5837B22474F20BB0126C /* Check Pods Manifest.lock */,
				D2A8CB9C1BC7A62C006BF1F6 /* Sources */,
				D2A8CB9D1BC7A62C006BF1F6 /* Frameworks */,
				D2A8CB9E1BC7A62C006BF1F6 /* Resources */,
				6B5D800FA69B1B54AF9043DF /* Embed Pods Frameworks */,
				16D27A9E16054CBF525AF73A /* Copy Pods Resources */,
			);
			buildRules = (
			);
			dependencies = (
			);
			name = OutputFaceBookData;
			productName = OutputFaceBookData;
			productReference = D2A8CBA01BC7A62C006BF1F6 /* OutputFaceBookData.app */;
			productType = "com.apple.product-type.application";
		};
/* End PBXNativeTarget section */

/* Begin PBXProject section */
		D2A8CB981BC7A62C006BF1F6 /* Project object */ = {
			isa = PBXProject;
			attributes = {
				LastUpgradeCheck = 0700;
				ORGANIZATIONNAME = "Oleh Petrunko";
				TargetAttributes = {
					D2A8CB9F1BC7A62C006BF1F6 = {
						CreatedOnToolsVersion = 7.0.1;
						DevelopmentTeam = NM6WB58BPU;
					};
				};
			};
			buildConfigurationList = D2A8CB9B1BC7A62C006BF1F6 /* Build configuration list for PBXProject "OutputFaceBookData" */;
			compatibilityVersion = "Xcode 3.2";
			developmentRegion = English;
			hasScannedForEncodings = 0;
			knownRegions = (
				en,
				Base,
				ru,
			);
			mainGroup = D2A8CB971BC7A62C006BF1F6;
			productRefGroup = D2A8CBA11BC7A62C006BF1F6 /* Products */;
			projectDirPath = "";
			projectRoot = "";
			targets = (
				D2A8CB9F1BC7A62C006BF1F6 /* OutputFaceBookData */,
			);
		};
/* End PBXProject section */

/* Begin PBXResourcesBuildPhase section */
		D2A8CB9E1BC7A62C006BF1F6 /* Resources */ = {
			isa = PBXResourcesBuildPhase;
			buildActionMask = 2147483647;
			files = (
				D2A8CBB31BC7A62C006BF1F6 /* LaunchScreen.storyboard in Resources */,
				D21623B21C737281000306EC /* POOVKTableViewCell.xib in Resources */,
				D26918F41C98280200FD90C6 /* POOMessagesViewController.storyboard in Resources */,
				D2FE07CC1BD4E6B7004E0C95 /* POOCollectionViewCell.xib in Resources */,
				D2587DBE1C6A22AD006FAB08 /* Assets.xcassets in Resources */,
				D26C192A1C6A3D39007B3CB4 /* Localizable.strings in Resources */,
				D27085051C5A51B9004B1822 /* POOTableViewCell.xib in Resources */,
				D2A8CBAE1BC7A62C006BF1F6 /* Main.storyboard in Resources */,
				D24BAD311BE7B7E0003C96A9 /* POOFeedTableViewCell.xib in Resources */,
				D26919041C9AA21700FD90C6 /* POOVkMessageTableViewCell.xib in Resources */,
			);
			runOnlyForDeploymentPostprocessing = 0;
		};
/* End PBXResourcesBuildPhase section */

/* Begin PBXShellScriptBuildPhase section */
		16D27A9E16054CBF525AF73A /* Copy Pods Resources */ = {
			isa = PBXShellScriptBuildPhase;
			buildActionMask = 2147483647;
			files = (
			);
			inputPaths = (
			);
			name = "Copy Pods Resources";
			outputPaths = (
			);
			runOnlyForDeploymentPostprocessing = 0;
			shellPath = /bin/sh;
			shellScript = "\"${SRCROOT}/Pods/Target Support Files/Pods-OutputFaceBookData/Pods-OutputFaceBookData-resources.sh\"\n";
			showEnvVarsInLog = 0;
		};
		609E5837B22474F20BB0126C /* Check Pods Manifest.lock */ = {
			isa = PBXShellScriptBuildPhase;
			buildActionMask = 2147483647;
			files = (
			);
			inputPaths = (
			);
			name = "Check Pods Manifest.lock";
			outputPaths = (
			);
			runOnlyForDeploymentPostprocessing = 0;
			shellPath = /bin/sh;
			shellScript = "diff \"${PODS_ROOT}/../Podfile.lock\" \"${PODS_ROOT}/Manifest.lock\" > /dev/null\nif [[ $? != 0 ]] ; then\n    cat << EOM\nerror: The sandbox is not in sync with the Podfile.lock. Run 'pod install' or update your CocoaPods installation.\nEOM\n    exit 1\nfi\n";
			showEnvVarsInLog = 0;
		};
		6B5D800FA69B1B54AF9043DF /* Embed Pods Frameworks */ = {
			isa = PBXShellScriptBuildPhase;
			buildActionMask = 2147483647;
			files = (
			);
			inputPaths = (
			);
			name = "Embed Pods Frameworks";
			outputPaths = (
			);
			runOnlyForDeploymentPostprocessing = 0;
			shellPath = /bin/sh;
			shellScript = "\"${SRCROOT}/Pods/Target Support Files/Pods-OutputFaceBookData/Pods-OutputFaceBookData-frameworks.sh\"\n";
			showEnvVarsInLog = 0;
		};
/* End PBXShellScriptBuildPhase section */

/* Begin PBXSourcesBuildPhase section */
		D2A8CB9C1BC7A62C006BF1F6 /* Sources */ = {
			isa = PBXSourcesBuildPhase;
			buildActionMask = 2147483647;
			files = (
				D292873B1BCBFCDE0089E3BE /* POOTableViewCell.m in Sources */,
				D2A8CBD51BC7B874006BF1F6 /* POOTESTFriend.m in Sources */,
				D20749521C206AEC00A6EB2A /* POORegistrationViewController.m in Sources */,
				D24BAD301BE7B7E0003C96A9 /* POOFeedTableViewCell.m in Sources */,
				D293A21A1C47D23C00EDDF59 /* POOVKUserModel.m in Sources */,
				D26919031C9AA21700FD90C6 /* POOVkMessageTableViewCell.m in Sources */,
				D23896651CA04E4800D06C8A /* POOChat.m in Sources */,
				D2587DC11C6A2434006FAB08 /* StringLocalizer.m in Sources */,
				D26918F21C98244000FD90C6 /* POOMessagesViewController.m in Sources */,
				D2A8CBDF1BC7CD9A006BF1F6 /* POFriendsListViewController.m in Sources */,
				D21623B11C737281000306EC /* POOVKTableViewCell.m in Sources */,
				D2A8CBA81BC7A62C006BF1F6 /* AppDelegate.m in Sources */,
				D293A2131C47D0A300EDDF59 /* POOLogInVKViewController.m in Sources */,
				D225FB851BDA398900711C53 /* POOCache.m in Sources */,
				D26F11251C9F15DA004DE72C /* POORequstManager.m in Sources */,
				D26918FC1C9854D300FD90C6 /* OutputFaceBookData.xcdatamodeld in Sources */,
				D25412DA1BF20CC7000BD9D3 /* POOCollectionViewLayout.m in Sources */,
				D25E6AF31C5631E00091D256 /* POOContactInfoViewController.m in Sources */,
				D2FE07D51BD52BA2004E0C95 /* POOFriendPhotoViewController.m in Sources */,
				D2A8CBA51BC7A62C006BF1F6 /* main.m in Sources */,
				D2A8CBBC1BC7A684006BF1F6 /* POOFacebookData.m in Sources */,
				D26918FF1C997C5800FD90C6 /* POOUserDialog.m in Sources */,
				D2F8AC381C4E6A3A00FB1DB0 /* POOPhoneBookContact.m in Sources */,
				D2C43ABD1BE3AE7000E0C170 /* POOWebController.m in Sources */,
				D24BAD341BE7C0E4003C96A9 /* POOFeedViewController.m in Sources */,
				D2FE07CB1BD4E6B7004E0C95 /* POOCollectionViewCell.m in Sources */,
				D225FB8A1BDA6CE100711C53 /* String+Md5.m in Sources */,
				D24BAD2C1BE7B1BF003C96A9 /* POOFacebookFeed.m in Sources */,
			);
			runOnlyForDeploymentPostprocessing = 0;
		};
/* End PBXSourcesBuildPhase section */

/* Begin PBXVariantGroup section */
		D26C192C1C6A3D39007B3CB4 /* Localizable.strings */ = {
			isa = PBXVariantGroup;
			children = (
				D26C192B1C6A3D39007B3CB4 /* Base */,
				D26C192D1C6A3D40007B3CB4 /* ru */,
				D26C192E1C6A3D8B007B3CB4 /* en */,
			);
			name = Localizable.strings;
			sourceTree = "<group>";
		};
		D2A8CBAC1BC7A62C006BF1F6 /* Main.storyboard */ = {
			isa = PBXVariantGroup;
			children = (
				D2A8CBAD1BC7A62C006BF1F6 /* Base */,
				D26C19281C6A3CF9007B3CB4 /* ru */,
			);
			name = Main.storyboard;
			sourceTree = "<group>";
		};
		D2A8CBB11BC7A62C006BF1F6 /* LaunchScreen.storyboard */ = {
			isa = PBXVariantGroup;
			children = (
				D2A8CBB21BC7A62C006BF1F6 /* Base */,
				D26C19291C6A3CF9007B3CB4 /* ru */,
			);
			name = LaunchScreen.storyboard;
			sourceTree = "<group>";
		};
/* End PBXVariantGroup section */

/* Begin XCBuildConfiguration section */
		D2A8CBB51BC7A62C006BF1F6 /* Debug */ = {
			isa = XCBuildConfiguration;
			buildSettings = {
				ALWAYS_SEARCH_USER_PATHS = NO;
				CLANG_CXX_LANGUAGE_STANDARD = "gnu++0x";
				CLANG_CXX_LIBRARY = "libc++";
				CLANG_ENABLE_MODULES = YES;
				CLANG_ENABLE_OBJC_ARC = YES;
				CLANG_WARN_BOOL_CONVERSION = YES;
				CLANG_WARN_CONSTANT_CONVERSION = YES;
				CLANG_WARN_DIRECT_OBJC_ISA_USAGE = YES_ERROR;
				CLANG_WARN_EMPTY_BODY = YES;
				CLANG_WARN_ENUM_CONVERSION = YES;
				CLANG_WARN_INT_CONVERSION = YES;
				CLANG_WARN_OBJC_ROOT_CLASS = YES_ERROR;
				CLANG_WARN_UNREACHABLE_CODE = YES;
				CLANG_WARN__DUPLICATE_METHOD_MATCH = YES;
				"CODE_SIGN_IDENTITY[sdk=iphoneos*]" = "iPhone Developer";
				COPY_PHASE_STRIP = NO;
				DEBUG_INFORMATION_FORMAT = dwarf;
				ENABLE_STRICT_OBJC_MSGSEND = YES;
				ENABLE_TESTABILITY = YES;
				GCC_C_LANGUAGE_STANDARD = gnu99;
				GCC_DYNAMIC_NO_PIC = NO;
				GCC_NO_COMMON_BLOCKS = YES;
				GCC_OPTIMIZATION_LEVEL = 0;
				GCC_PREPROCESSOR_DEFINITIONS = (
					"DEBUG=1",
					"$(inherited)",
				);
				GCC_WARN_64_TO_32_BIT_CONVERSION = YES;
				GCC_WARN_ABOUT_RETURN_TYPE = YES_ERROR;
				GCC_WARN_UNDECLARED_SELECTOR = YES;
				GCC_WARN_UNINITIALIZED_AUTOS = YES_AGGRESSIVE;
				GCC_WARN_UNUSED_FUNCTION = YES;
				GCC_WARN_UNUSED_VARIABLE = YES;
				IPHONEOS_DEPLOYMENT_TARGET = 9.0;
				MTL_ENABLE_DEBUG_INFO = YES;
				ONLY_ACTIVE_ARCH = YES;
				SDKROOT = iphoneos;
			};
			name = Debug;
		};
		D2A8CBB61BC7A62C006BF1F6 /* Release */ = {
			isa = XCBuildConfiguration;
			buildSettings = {
				ALWAYS_SEARCH_USER_PATHS = NO;
				CLANG_CXX_LANGUAGE_STANDARD = "gnu++0x";
				CLANG_CXX_LIBRARY = "libc++";
				CLANG_ENABLE_MODULES = YES;
				CLANG_ENABLE_OBJC_ARC = YES;
				CLANG_WARN_BOOL_CONVERSION = YES;
				CLANG_WARN_CONSTANT_CONVERSION = YES;
				CLANG_WARN_DIRECT_OBJC_ISA_USAGE = YES_ERROR;
				CLANG_WARN_EMPTY_BODY = YES;
				CLANG_WARN_ENUM_CONVERSION = YES;
				CLANG_WARN_INT_CONVERSION = YES;
				CLANG_WARN_OBJC_ROOT_CLASS = YES_ERROR;
				CLANG_WARN_UNREACHABLE_CODE = YES;
				CLANG_WARN__DUPLICATE_METHOD_MATCH = YES;
				"CODE_SIGN_IDENTITY[sdk=iphoneos*]" = "iPhone Developer";
				COPY_PHASE_STRIP = NO;
				DEBUG_INFORMATION_FORMAT = "dwarf-with-dsym";
				ENABLE_NS_ASSERTIONS = NO;
				ENABLE_STRICT_OBJC_MSGSEND = YES;
				GCC_C_LANGUAGE_STANDARD = gnu99;
				GCC_NO_COMMON_BLOCKS = YES;
				GCC_WARN_64_TO_32_BIT_CONVERSION = YES;
				GCC_WARN_ABOUT_RETURN_TYPE = YES_ERROR;
				GCC_WARN_UNDECLARED_SELECTOR = YES;
				GCC_WARN_UNINITIALIZED_AUTOS = YES_AGGRESSIVE;
				GCC_WARN_UNUSED_FUNCTION = YES;
				GCC_WARN_UNUSED_VARIABLE = YES;
				IPHONEOS_DEPLOYMENT_TARGET = 9.0;
				MTL_ENABLE_DEBUG_INFO = NO;
				SDKROOT = iphoneos;
				VALIDATE_PRODUCT = YES;
			};
			name = Release;
		};
		D2A8CBB81BC7A62C006BF1F6 /* Debug */ = {
			isa = XCBuildConfiguration;
			baseConfigurationReference = 00DD6C2D9FF0CDE3ACDEE050 /* Pods-OutputFaceBookData.debug.xcconfig */;
			buildSettings = {
				ASSETCATALOG_COMPILER_APPICON_NAME = AppIcon;
				FRAMEWORK_SEARCH_PATHS = (
					"$(inherited)",
					"$(PROJECT_DIR)/OutputFaceBookData",
					"$(PROJECT_DIR)/build/Debug-iphoneos",
				);
				INFOPLIST_FILE = OutputFaceBookData/Info.plist;
				LD_RUNPATH_SEARCH_PATHS = "$(inherited) @executable_path/Frameworks";
				LIBRARY_SEARCH_PATHS = (
					"$(inherited)",
					"$(PROJECT_DIR)/Unity3D/CacheServer",
				);
				OTHER_LDFLAGS = (
					"-all_load",
					"-ObjC",
					"$(inherited)",
				);
				PRODUCT_BUNDLE_IDENTIFIER = PO.OutputFaceBookData;
				PRODUCT_NAME = "$(TARGET_NAME)";
			};
			name = Debug;
		};
		D2A8CBB91BC7A62C006BF1F6 /* Release */ = {
			isa = XCBuildConfiguration;
			baseConfigurationReference = 0954B568C54480590B5A8386 /* Pods-OutputFaceBookData.release.xcconfig */;
			buildSettings = {
				ASSETCATALOG_COMPILER_APPICON_NAME = AppIcon;
				FRAMEWORK_SEARCH_PATHS = (
					"$(inherited)",
					"$(PROJECT_DIR)/OutputFaceBookData",
					"$(PROJECT_DIR)/build/Debug-iphoneos",
				);
				INFOPLIST_FILE = OutputFaceBookData/Info.plist;
				LD_RUNPATH_SEARCH_PATHS = "$(inherited) @executable_path/Frameworks";
				LIBRARY_SEARCH_PATHS = (
					"$(inherited)",
					"$(PROJECT_DIR)/Unity3D/CacheServer",
				);
				OTHER_LDFLAGS = (
					"-all_load",
					"-ObjC",
					"$(inherited)",
				);
				PRODUCT_BUNDLE_IDENTIFIER = PO.OutputFaceBookData;
				PRODUCT_NAME = "$(TARGET_NAME)";
			};
			name = Release;
		};
/* End XCBuildConfiguration section */

/* Begin XCConfigurationList section */
		D2A8CB9B1BC7A62C006BF1F6 /* Build configuration list for PBXProject "OutputFaceBookData" */ = {
			isa = XCConfigurationList;
			buildConfigurations = (
				D2A8CBB51BC7A62C006BF1F6 /* Debug */,
				D2A8CBB61BC7A62C006BF1F6 /* Release */,
			);
			defaultConfigurationIsVisible = 0;
			defaultConfigurationName = Release;
		};
		D2A8CBB71BC7A62C006BF1F6 /* Build configuration list for PBXNativeTarget "OutputFaceBookData" */ = {
			isa = XCConfigurationList;
			buildConfigurations = (
				D2A8CBB81BC7A62C006BF1F6 /* Debug */,
				D2A8CBB91BC7A62C006BF1F6 /* Release */,
			);
			defaultConfigurationIsVisible = 0;
			defaultConfigurationName = Release;
		};
/* End XCConfigurationList section */

/* Begin XCVersionGroup section */
		D26918FA1C9854D300FD90C6 /* OutputFaceBookData.xcdatamodeld */ = {
			isa = XCVersionGroup;
			children = (
				D26918FB1C9854D300FD90C6 /* OutputFaceBookData.xcdatamodel */,
			);
			currentVersion = D26918FB1C9854D300FD90C6 /* OutputFaceBookData.xcdatamodel */;
			path = OutputFaceBookData.xcdatamodeld;
			sourceTree = "<group>";
			versionGroupType = wrapper.xcdatamodel;
		};
/* End XCVersionGroup section */
	};
	rootObject = D2A8CB981BC7A62C006BF1F6 /* Project object */;
}
